
Microsoft Visual Studio Solution File, Format Version 12.00
# Visual Studio 2013
VisualStudioVersion = 12.0.30723.0
MinimumVisualStudioVersion = 10.0.40219.1
Project("{FAE04EC0-301F-11D3-BF4B-00C04F79EFBC}") = "beakn.desktop.mqtt", "beakn.desktop.mqtt.csproj", "{2897C4AD-AEC6-4547-8FC5-729394C51AA1}"
EndProject
Project("{54435603-DBB4-11D2-8724-00A0C9A8B90C}") = "beakn.desktop.mqtt.install", "..\beakn.desktop.mqtt.install\beakn.desktop.mqtt.install.vdproj", "{9943BE99-0D36-45AD-B1C9-80021DB7A09E}"
EndProject
Global
	GlobalSection(SolutionConfigurationPlatforms) = preSolution
		Debug|Any CPU = Debug|Any CPU
		Release|Any CPU = Release|Any CPU
	EndGlobalSection
	GlobalSection(ProjectConfigurationPlatforms) = postSolution
		{2897C4AD-AEC6-4547-8FC5-729394C51AA1}.Debug|Any CPU.ActiveCfg = Debug|Any CPU
		{2897C4AD-AEC6-4547-8FC5-729394C51AA1}.Debug|Any CPU.Build.0 = Debug|Any CPU
		{2897C4AD-AEC6-4547-8FC5-729394C51AA1}.Release|Any CPU.ActiveCfg = Release|Any CPU
		{2897C4AD-AEC6-4547-8FC5-729394C51AA1}.Release|Any CPU.Build.0 = Release|Any CPU
		{9943BE99-0D36-45AD-B1C9-80021DB7A09E}.Debug|Any CPU.ActiveCfg = Debug
		{9943BE99-0D36-45AD-B1C9-80021DB7A09E}.Debug|Any CPU.Build.0 = Debug
		{9943BE99-0D36-45AD-B1C9-80021DB7A09E}.Release|Any CPU.ActiveCfg = Release
		{9943BE99-0D36-45AD-B1C9-80021DB7A09E}.Release|Any CPU.Build.0 = Release
	EndGlobalSection
	GlobalSection(SolutionProperties) = preSolution
		HideSolutionNode = FALSE
	EndGlobalSection
EndGlobal
